{
    "version": 3,
    "terraform_version": "0.9.8",
    "serial": 40,
    "lineage": "0daf24b0-81b6-4a1d-a9af-ecf3026b2cd1",
    "modules": [
        {
            "path": [
                "root"
            ],
            "outputs": {},
            "resources": {
                "aws_api_gateway_integration.integration_health": {
                    "type": "aws_api_gateway_integration",
                    "depends_on": [
                        "aws_api_gateway_method.method_health",
                        "aws_api_gateway_resource.resource_health",
                        "aws_api_gateway_rest_api.ecs_hydra_core"
                    ],
                    "primary": {
                        "id": "agi-lj8memajhb-58su9x-GET",
                        "attributes": {
                            "http_method": "GET",
                            "id": "agi-lj8memajhb-58su9x-GET",
                            "integration_http_method": "GET",
                            "passthrough_behavior": "WHEN_NO_MATCH",
                            "request_parameters.%": "0",
                            "request_templates.%": "0",
                            "resource_id": "58su9x",
                            "rest_api_id": "lj8memajhb",
                            "type": "HTTP_PROXY",
                            "uri": "http://hydra-core.awsedsgpnp.com/health"
                        },
                        "meta": {},
                        "tainted": false
                    },
                    "deposed": [],
                    "provider": ""
                },
                "aws_api_gateway_method.method_health": {
                    "type": "aws_api_gateway_method",
                    "depends_on": [
                        "aws_api_gateway_resource.resource_health",
                        "aws_api_gateway_rest_api.ecs_hydra_core"
                    ],
                    "primary": {
                        "id": "agm-lj8memajhb-58su9x-GET",
                        "attributes": {
                            "api_key_required": "false",
                            "authorization": "NONE",
                            "authorizer_id": "",
                            "http_method": "GET",
                            "id": "agm-lj8memajhb-58su9x-GET",
                            "request_models.%": "0",
                            "request_parameters.%": "0",
                            "resource_id": "58su9x",
                            "rest_api_id": "lj8memajhb"
                        },
                        "meta": {},
                        "tainted": false
                    },
                    "deposed": [],
                    "provider": ""
                },
                "aws_api_gateway_resource.resource_health": {
                    "type": "aws_api_gateway_resource",
                    "depends_on": [
                        "aws_api_gateway_rest_api.ecs_hydra_core"
                    ],
                    "primary": {
                        "id": "58su9x",
                        "attributes": {
                            "id": "58su9x",
                            "parent_id": "lmjici1wxh",
                            "path": "/health",
                            "path_part": "health",
                            "rest_api_id": "lj8memajhb"
                        },
                        "meta": {},
                        "tainted": false
                    },
                    "deposed": [],
                    "provider": ""
                },
                "aws_api_gateway_rest_api.ecs_hydra_core": {
                    "type": "aws_api_gateway_rest_api",
                    "depends_on": [],
                    "primary": {
                        "id": "lj8memajhb",
                        "attributes": {
                            "binary_media_types.#": "0",
                            "created_date": "2017-07-25T14:24:07Z",
                            "description": "ECS Hydra Core",
                            "id": "lj8memajhb",
                            "name": "ecs_hydra_core",
                            "root_resource_id": "lmjici1wxh"
                        },
                        "meta": {},
                        "tainted": false
                    },
                    "deposed": [],
                    "provider": ""
                },
                "aws_autoscaling_attachment.asg_attachment_group": {
                    "type": "aws_autoscaling_attachment",
                    "depends_on": [
                        "aws_autoscaling_group.ecs-autoscaling",
                        "aws_elb.ecs-elb"
                    ],
                    "primary": {
                        "id": "ecs-autoscaling-00e6bc59dff1adc63e598011f3",
                        "attributes": {
                            "autoscaling_group_name": "ecs-autoscaling",
                            "elb": "ecs-elb",
                            "id": "ecs-autoscaling-00e6bc59dff1adc63e598011f3"
                        },
                        "meta": {},
                        "tainted": false
                    },
                    "deposed": [],
                    "provider": ""
                },
                "aws_autoscaling_group.ecs-autoscaling": {
                    "type": "aws_autoscaling_group",
                    "depends_on": [
                        "aws_launch_configuration.ecs-launchconfig"
                    ],
                    "primary": {
                        "id": "ecs-autoscaling",
                        "attributes": {
                            "arn": "arn:aws:autoscaling:us-east-1:518308533929:autoScalingGroup:57e1de84-e4d9-440b-85b5-65e6d7ead4ed:autoScalingGroupName/ecs-autoscaling",
                            "availability_zones.#": "1",
                            "availability_zones.3569565595": "us-east-1a",
                            "default_cooldown": "300",
                            "desired_capacity": "1",
                            "force_delete": "false",
                            "health_check_grace_period": "300",
                            "health_check_type": "EC2",
                            "id": "ecs-autoscaling",
                            "launch_configuration": "ecs-launchconfig00ba72fcc6123c0d8f51b08d86",
                            "load_balancers.#": "1",
                            "load_balancers.37749024": "ecs-elb",
                            "max_size": "1",
                            "metrics_granularity": "1Minute",
                            "min_size": "1",
                            "name": "ecs-autoscaling",
                            "placement_group": "",
                            "protect_from_scale_in": "false",
                            "suspended_processes.#": "0",
                            "tag.#": "6",
                            "tag.1199494852.key": "Environment",
                            "tag.1199494852.propagate_at_launch": "true",
                            "tag.1199494852.value": "QA",
                            "tag.2307882023.key": "Application",
                            "tag.2307882023.propagate_at_launch": "true",
                            "tag.2307882023.value": "ecs-ec2-container",
                            "tag.2392859256.key": "Name",
                            "tag.2392859256.propagate_at_launch": "true",
                            "tag.2392859256.value": "ECS_For_Hydra",
                            "tag.3069531384.key": "Department",
                            "tag.3069531384.propagate_at_launch": "true",
                            "tag.3069531384.value": "EDP",
                            "tag.3169964749.key": "CreatorName",
                            "tag.3169964749.propagate_at_launch": "true",
                            "tag.3169964749.value": "Yaniv Ron",
                            "tag.3432708021.key": "TeamName",
                            "tag.3432708021.propagate_at_launch": "true",
                            "tag.3432708021.value": "Deadpool",
                            "target_group_arns.#": "0",
                            "termination_policies.#": "0",
                            "vpc_zone_identifier.#": "1",
                            "vpc_zone_identifier.1925507648": "subnet-d4c8a3f9",
                            "wait_for_capacity_timeout": "10m"
                        },
                        "meta": {},
                        "tainted": false
                    },
                    "deposed": [],
                    "provider": ""
                },
                "aws_ecs_cluster.main": {
                    "type": "aws_ecs_cluster",
                    "depends_on": [],
                    "primary": {
                        "id": "arn:aws:ecs:us-east-1:518308533929:cluster/hydra-default",
                        "attributes": {
                            "id": "arn:aws:ecs:us-east-1:518308533929:cluster/hydra-default",
                            "name": "hydra-default"
                        },
                        "meta": {},
                        "tainted": false
                    },
                    "deposed": [],
                    "provider": ""
                },
                "aws_ecs_task_definition.service": {
                    "type": "aws_ecs_task_definition",
                    "depends_on": [],
                    "primary": {
                        "id": "service",
                        "attributes": {
                            "arn": "arn:aws:ecs:us-east-1:518308533929:task-definition/service:11",
                            "container_definitions": "2730c31463032d4c74231232cad865519f7db246",
                            "family": "service",
                            "id": "service",
                            "network_mode": "",
                            "placement_constraints.#": "0",
                            "revision": "11",
                            "task_role_arn": ""
                        },
                        "meta": {},
                        "tainted": false
                    },
                    "deposed": [],
                    "provider": ""
                },
                "aws_elb.ecs-elb": {
                    "type": "aws_elb",
                    "depends_on": [
                        "aws_security_group.ecs-securitygroup"
                    ],
                    "primary": {
                        "id": "ecs-elb",
                        "attributes": {
                            "access_logs.#": "0",
                            "availability_zones.#": "1",
                            "availability_zones.3569565595": "us-east-1a",
                            "connection_draining": "true",
                            "connection_draining_timeout": "400",
                            "cross_zone_load_balancing": "true",
                            "dns_name": "ecs-elb-444849116.us-east-1.elb.amazonaws.com",
                            "health_check.#": "1",
                            "health_check.0.healthy_threshold": "3",
                            "health_check.0.interval": "60",
                            "health_check.0.target": "HTTP:8080/health",
                            "health_check.0.timeout": "30",
                            "health_check.0.unhealthy_threshold": "3",
                            "id": "ecs-elb",
                            "idle_timeout": "400",
                            "instances.#": "1",
                            "instances.266243614": "i-090ae392c298621c4",
                            "internal": "false",
                            "listener.#": "1",
                            "listener.3931999347.instance_port": "8080",
                            "listener.3931999347.instance_protocol": "http",
                            "listener.3931999347.lb_port": "80",
                            "listener.3931999347.lb_protocol": "http",
                            "listener.3931999347.ssl_certificate_id": "",
                            "name": "ecs-elb",
                            "security_groups.#": "1",
                            "security_groups.1077127180": "sg-9b4307ea",
                            "source_security_group": "518308533929/ecs",
                            "source_security_group_id": "sg-9b4307ea",
                            "subnets.#": "1",
                            "subnets.1925507648": "subnet-d4c8a3f9",
                            "tags.%": "1",
                            "tags.Name": "ecs-elb",
                            "zone_id": "Z35SXDOTRQ7X7K"
                        },
                        "meta": {},
                        "tainted": false
                    },
                    "deposed": [],
                    "provider": ""
                },
                "aws_launch_configuration.ecs-launchconfig": {
                    "type": "aws_launch_configuration",
                    "depends_on": [
                        "aws_ecs_cluster.main",
                        "aws_security_group.ecs-securitygroup"
                    ],
                    "primary": {
                        "id": "ecs-launchconfig00ba72fcc6123c0d8f51b08d86",
                        "attributes": {
                            "associate_public_ip_address": "false",
                            "ebs_block_device.#": "0",
                            "ebs_optimized": "false",
                            "enable_monitoring": "true",
                            "ephemeral_block_device.#": "0",
                            "iam_instance_profile": "ecs-policy",
                            "id": "ecs-launchconfig00ba72fcc6123c0d8f51b08d86",
                            "image_id": "ami-04351e12",
                            "instance_type": "t2.medium",
                            "key_name": "deadpool",
                            "name": "ecs-launchconfig00ba72fcc6123c0d8f51b08d86",
                            "name_prefix": "ecs-launchconfig",
                            "root_block_device.#": "0",
                            "security_groups.#": "1",
                            "security_groups.1077127180": "sg-9b4307ea",
                            "spot_price": "",
                            "user_data": "37df8b5aa41583343b0794f1fced5c9346f16b99",
                            "vpc_classic_link_id": "",
                            "vpc_classic_link_security_groups.#": "0"
                        },
                        "meta": {},
                        "tainted": false
                    },
                    "deposed": [],
                    "provider": ""
                },
                "aws_security_group.ecs-securitygroup": {
                    "type": "aws_security_group",
                    "depends_on": [],
                    "primary": {
                        "id": "sg-9b4307ea",
                        "attributes": {
                            "description": "security group for ecs",
                            "egress.#": "1",
                            "egress.482069346.cidr_blocks.#": "1",
                            "egress.482069346.cidr_blocks.0": "0.0.0.0/0",
                            "egress.482069346.from_port": "0",
                            "egress.482069346.ipv6_cidr_blocks.#": "0",
                            "egress.482069346.prefix_list_ids.#": "0",
                            "egress.482069346.protocol": "-1",
                            "egress.482069346.security_groups.#": "0",
                            "egress.482069346.self": "false",
                            "egress.482069346.to_port": "0",
                            "id": "sg-9b4307ea",
                            "ingress.#": "3",
                            "ingress.1402435882.cidr_blocks.#": "1",
                            "ingress.1402435882.cidr_blocks.0": "10.230.36.0/22",
                            "ingress.1402435882.from_port": "22",
                            "ingress.1402435882.ipv6_cidr_blocks.#": "0",
                            "ingress.1402435882.protocol": "tcp",
                            "ingress.1402435882.security_groups.#": "0",
                            "ingress.1402435882.self": "false",
                            "ingress.1402435882.to_port": "22",
                            "ingress.1717215528.cidr_blocks.#": "2",
                            "ingress.1717215528.cidr_blocks.0": "10.230.36.0/22",
                            "ingress.1717215528.cidr_blocks.1": "0.0.0.0/0",
                            "ingress.1717215528.from_port": "8081",
                            "ingress.1717215528.ipv6_cidr_blocks.#": "0",
                            "ingress.1717215528.protocol": "tcp",
                            "ingress.1717215528.security_groups.#": "0",
                            "ingress.1717215528.self": "false",
                            "ingress.1717215528.to_port": "8081",
                            "ingress.771305701.cidr_blocks.#": "2",
                            "ingress.771305701.cidr_blocks.0": "10.230.36.0/22",
                            "ingress.771305701.cidr_blocks.1": "0.0.0.0/0",
                            "ingress.771305701.from_port": "80",
                            "ingress.771305701.ipv6_cidr_blocks.#": "0",
                            "ingress.771305701.protocol": "tcp",
                            "ingress.771305701.security_groups.#": "0",
                            "ingress.771305701.self": "false",
                            "ingress.771305701.to_port": "80",
                            "name": "ecs",
                            "owner_id": "518308533929",
                            "tags.%": "1",
                            "tags.Name": "ecs",
                            "vpc_id": "vpc-b3bd0ad5"
                        },
                        "meta": {},
                        "tainted": false
                    },
                    "deposed": [],
                    "provider": ""
                }
            },
            "depends_on": []
        }
    ]
}
