{
    "version": 3,
    "terraform_version": "0.9.8",
    "serial": 30,
    "lineage": "5dfa58eb-3731-40ff-aa9f-f4ccde5c0d6f",
    "modules": [
        {
            "path": [
                "root"
            ],
            "outputs": {},
            "resources": {
                "aws_instance.jenkins_sample": {
                    "type": "aws_instance",
                    "depends_on": [
                        "aws_key_pair.mykeypair",
                        "aws_security_group.allow_ssh"
                    ],
                    "primary": {
                        "id": "i-0444f553005f3c567",
                        "attributes": {
                            "ami": "ami-13be557e",
                            "associate_public_ip_address": "false",
                            "availability_zone": "us-east-1a",
                            "disable_api_termination": "false",
                            "ebs_block_device.#": "0",
                            "ebs_optimized": "false",
                            "ephemeral_block_device.#": "0",
                            "iam_instance_profile": "",
                            "id": "i-0444f553005f3c567",
                            "instance_state": "running",
                            "instance_type": "t2.micro",
                            "ipv6_addresses.#": "0",
                            "key_name": "mykeypair",
                            "monitoring": "false",
                            "network_interface.#": "0",
                            "network_interface_id": "eni-8797382b",
                            "primary_network_interface_id": "eni-8797382b",
                            "private_dns": "ip-10-230-36-184.ec2.internal",
                            "private_ip": "10.230.36.184",
                            "public_dns": "",
                            "public_ip": "",
                            "root_block_device.#": "1",
                            "root_block_device.0.delete_on_termination": "true",
                            "root_block_device.0.iops": "100",
                            "root_block_device.0.volume_size": "8",
                            "root_block_device.0.volume_type": "gp2",
                            "security_groups.#": "0",
                            "source_dest_check": "true",
                            "subnet_id": "subnet-d4c8a3f9",
                            "tags.%": "1",
                            "tags.Name": "Jenkins_Sample",
                            "tenancy": "default",
                            "volume_tags.%": "0",
                            "vpc_security_group_ids.#": "1",
                            "vpc_security_group_ids.2934043814": "sg-3c4dfd4d"
                        },
                        "meta": {
                            "e2bfb730-ecaa-11e6-8f88-34363bc7c4c0": {
                                "create": 600000000000,
                                "delete": 600000000000,
                                "update": 600000000000
                            },
                            "schema_version": "1"
                        },
                        "tainted": true
                    },
                    "deposed": [],
                    "provider": ""
                },
                "aws_key_pair.mykeypair": {
                    "type": "aws_key_pair",
                    "depends_on": [],
                    "primary": {
                        "id": "mykeypair",
                        "attributes": {
                            "id": "mykeypair",
                            "key_name": "mykeypair",
                            "public_key": "ssh-rsa AAAAB3NzaC1yc2EAAAADAQABAAABAQCj1r86gZsvx0jvkEGDNtCBg4yVt+e9Q8XDjA1sIxNvz02K3yn//UDAPZH7aCL2kkl1udPBcHTKfLW3H85ScFbcikh+qC56U74QPzmMATjqY2fzLXIcHQbLpIoSo7jjmoBMWkuaooOHzX2tBpmKwmyoLo5s2+rjzjr0K5hFaBKvbyLVZytOZXnYJq3LXOE1P98cOl/Mo68NHTW6re9lGL35NZxmf/2/KcUTsuB9OvFwIHyhAFhDMOEHwXCoxQTjOEbKnV3kQ72EfIg2KYPgtizx/zLGulTiqTFOEQxZSPt1SyhOTGBnO1e9HALhYgjskidEIukTHQ308jhlou2yWzVp centos@ip-10-230-36-179"
                        },
                        "meta": {
                            "schema_version": "1"
                        },
                        "tainted": false
                    },
                    "deposed": [],
                    "provider": ""
                },
                "aws_security_group.allow_ssh": {
                    "type": "aws_security_group",
                    "depends_on": [],
                    "primary": {
                        "id": "sg-3c4dfd4d",
                        "attributes": {
                            "description": "Allow ssh inbound traffic",
                            "egress.#": "0",
                            "id": "sg-3c4dfd4d",
                            "ingress.#": "1",
                            "ingress.3060166124.cidr_blocks.#": "1",
                            "ingress.3060166124.cidr_blocks.0": "10.230.36.0/22",
                            "ingress.3060166124.from_port": "0",
                            "ingress.3060166124.ipv6_cidr_blocks.#": "0",
                            "ingress.3060166124.protocol": "tcp",
                            "ingress.3060166124.security_groups.#": "0",
                            "ingress.3060166124.self": "false",
                            "ingress.3060166124.to_port": "22",
                            "name": "jenkins_allow_ssh",
                            "owner_id": "518308533929",
                            "tags.%": "0",
                            "vpc_id": "vpc-b3bd0ad5"
                        },
                        "meta": {},
                        "tainted": false
                    },
                    "deposed": [],
                    "provider": ""
                }
            },
            "depends_on": []
        }
    ]
}
