{
    "version": 3,
    "terraform_version": "0.9.8",
    "serial": 1,
    "lineage": "3dae118c-fd07-4cd3-81bf-5b5891087fe7",
    "modules": [
        {
            "path": [
                "root"
            ],
            "outputs": {},
            "resources": {
                "aws_instance.example": {
                    "type": "aws_instance",
                    "depends_on": [
                        "aws_key_pair.mykey"
                    ],
                    "primary": {
                        "id": "i-063074290bd68ddc5",
                        "attributes": {
                            "ami": "ami-844e0bf7",
                            "associate_public_ip_address": "true",
                            "availability_zone": "eu-west-1b",
                            "disable_api_termination": "false",
                            "ebs_block_device.#": "0",
                            "ebs_optimized": "false",
                            "ephemeral_block_device.#": "0",
                            "iam_instance_profile": "",
                            "id": "i-063074290bd68ddc5",
                            "instance_state": "running",
                            "instance_type": "t2.micro",
                            "ipv6_addresses.#": "0",
                            "key_name": "mykey",
                            "monitoring": "false",
                            "network_interface.#": "0",
                            "network_interface_id": "eni-93c4819c",
                            "primary_network_interface_id": "eni-93c4819c",
                            "private_dns": "ip-172-31-43-124.eu-west-1.compute.internal",
                            "private_ip": "172.31.43.124",
                            "public_dns": "ec2-52-209-132-126.eu-west-1.compute.amazonaws.com",
                            "public_ip": "52.209.132.126",
                            "root_block_device.#": "1",
                            "root_block_device.0.delete_on_termination": "true",
                            "root_block_device.0.iops": "100",
                            "root_block_device.0.volume_size": "8",
                            "root_block_device.0.volume_type": "gp2",
                            "security_groups.#": "0",
                            "source_dest_check": "true",
                            "subnet_id": "subnet-25493c7d",
                            "tags.%": "0",
                            "tenancy": "default",
                            "volume_tags.%": "0",
                            "vpc_security_group_ids.#": "1",
                            "vpc_security_group_ids.18793041": "sg-b5ed95d3"
                        },
                        "meta": {
                            "e2bfb730-ecaa-11e6-8f88-34363bc7c4c0": {
                                "create": 600000000000,
                                "delete": 600000000000,
                                "update": 600000000000
                            },
                            "schema_version": "1"
                        },
                        "tainted": false
                    },
                    "deposed": [],
                    "provider": ""
                },
                "aws_key_pair.mykey": {
                    "type": "aws_key_pair",
                    "depends_on": [],
                    "primary": {
                        "id": "mykey",
                        "attributes": {
                            "id": "mykey",
                            "key_name": "mykey",
                            "public_key": "ssh-rsa AAAAB3NzaC1yc2EAAAADAQABAAABAQCsjFtHeBXaqpv7fQRPv+Is/fD6z+QmMO4v33uKuLm4z6tiX5u5kikEM1FCeD44VxMk8gC1ToCDcxuq91uyZJzDyuDda387Hz0derpOaOOb/tv4Cl/yD0lGlAv9QxF/4zcbSQgKxQ6IcMuWSyPf+8KOAClUwoQV6VBRMGz2NT9sCPmQEUJtLHBMMCF+f5Wki8ivqYL8SAMJ1mZDxe95buPzq92QVOQstzBtykphsTc8oZ5mBSaoDnCqRW7KaiVneY75hjwq2T3lDNCCm8bkMcKHt6hft9FhX0EJgfR3FSGnIrdXyGCaqr1vgxlvxp5F+AS4bw4BnsPg60EINLLeEB3f root@ip-10-230-36-161"
                        },
                        "meta": {
                            "schema_version": "1"
                        },
                        "tainted": false
                    },
                    "deposed": [],
                    "provider": ""
                }
            },
            "depends_on": []
        }
    ]
}
